
Microsoft Visual Studio Solution File, Format Version 12.00
# Visual Studio Version 16
VisualStudioVersion = 16.0.29020.237
MinimumVisualStudioVersion = 10.0.40219.1
Project("{FAE04EC0-301F-11D3-BF4B-00C04F79EFBC}") = "FacebookGraphAPI_CSharp", "FacebookGraphAPI_CSharp\FacebookGraphAPI_CSharp.csproj", "{51C6754F-4850-442F-8DBA-3C1C41E0F8EE}"
EndProject
Global
	GlobalSection(SolutionConfigurationPlatforms) = preSolution
		Debug|Any CPU = Debug|Any CPU
		Release|Any CPU = Release|Any CPU
	EndGlobalSection
	GlobalSection(ProjectConfigurationPlatforms) = postSolution
		{51C6754F-4850-442F-8DBA-3C1C41E0F8EE}.Debug|Any CPU.ActiveCfg = Debug|Any CPU
		{51C6754F-4850-442F-8DBA-3C1C41E0F8EE}.Debug|Any CPU.Build.0 = Debug|Any CPU
		{51C6754F-4850-442F-8DBA-3C1C41E0F8EE}.Release|Any CPU.ActiveCfg = Release|Any CPU
		{51C6754F-4850-442F-8DBA-3C1C41E0F8EE}.Release|Any CPU.Build.0 = Release|Any CPU
	EndGlobalSection
	GlobalSection(SolutionProperties) = preSolution
		HideSolutionNode = FALSE
	EndGlobalSection
	GlobalSection(ExtensibilityGlobals) = postSolution
		SolutionGuid = {344B733D-8D2A-4FD9-81E6-B4B5795DEC5B}
	EndGlobalSection
EndGlobal
